
Microsoft Visual Studio Solution File, Format Version 12.00
# Visual Studio Version 16
VisualStudioVersion = 16.0.29503.13
MinimumVisualStudioVersion = 10.0.40219.1
Project("{FAE04EC0-301F-11D3-BF4B-00C04F79EFBC}") = "Crawler", "Crawler\Crawler.csproj", "{BBA49D51-1201-4E2D-B1B9-65635E206FCE}"
EndProject
Project("{FAE04EC0-301F-11D3-BF4B-00C04F79EFBC}") = "Spider", "Spider\Spider.csproj", "{A2D25DBA-B0AF-442C-908A-D00C8804AA04}"
EndProject
Project("{FAE04EC0-301F-11D3-BF4B-00C04F79EFBC}") = "Spider.Tests", "Spider.Tests\Spider.Tests.csproj", "{FE3A6F70-6A5E-4EB0-9711-702438DE1DA5}"
EndProject
Project("{FAE04EC0-301F-11D3-BF4B-00C04F79EFBC}") = "CheckUrls", "CheckUrls\CheckUrls.csproj", "{9821E474-8EAA-4AE2-BB64-297559D4F03F}"
EndProject
Project("{FAE04EC0-301F-11D3-BF4B-00C04F79EFBC}") = "LinkjuiceCreator", "LinkjuiceCreator\LinkjuiceCreator.csproj", "{0E14DE20-3C0D-4404-8BF8-162A2A55D343}"
EndProject
Project("{FAE04EC0-301F-11D3-BF4B-00C04F79EFBC}") = "Gunner", "Gunner\Gunner.csproj", "{F2450C09-2896-4794-9284-5A1D5E03393C}"
EndProject
Project("{FAE04EC0-301F-11D3-BF4B-00C04F79EFBC}") = "CsvMerger", "CsvMerger\CsvMerger.csproj", "{DA6D32B8-84C9-48FD-8F40-810BD3FAFB8D}"
EndProject
Project("{FAE04EC0-301F-11D3-BF4B-00C04F79EFBC}") = "CheckJsIframeOnSite", "CheckJsIframeOnSite\CheckJsIframeOnSite.csproj", "{0ED644F1-3216-4B0E-A1AA-0282D1630EE8}"
EndProject
Project("{FAE04EC0-301F-11D3-BF4B-00C04F79EFBC}") = "CreateJsonFromUrl", "CreateJsonFromUrl\CreateJsonFromUrl.csproj", "{5CBCDFA1-B8D3-4CF5-B30F-2C6F69780C08}"
EndProject
Global
	GlobalSection(SolutionConfigurationPlatforms) = preSolution
		Debug|Any CPU = Debug|Any CPU
		Release|Any CPU = Release|Any CPU
	EndGlobalSection
	GlobalSection(ProjectConfigurationPlatforms) = postSolution
		{BBA49D51-1201-4E2D-B1B9-65635E206FCE}.Debug|Any CPU.ActiveCfg = Debug|Any CPU
		{BBA49D51-1201-4E2D-B1B9-65635E206FCE}.Debug|Any CPU.Build.0 = Debug|Any CPU
		{BBA49D51-1201-4E2D-B1B9-65635E206FCE}.Release|Any CPU.ActiveCfg = Release|Any CPU
		{BBA49D51-1201-4E2D-B1B9-65635E206FCE}.Release|Any CPU.Build.0 = Release|Any CPU
		{A2D25DBA-B0AF-442C-908A-D00C8804AA04}.Debug|Any CPU.ActiveCfg = Debug|Any CPU
		{A2D25DBA-B0AF-442C-908A-D00C8804AA04}.Debug|Any CPU.Build.0 = Debug|Any CPU
		{A2D25DBA-B0AF-442C-908A-D00C8804AA04}.Release|Any CPU.ActiveCfg = Release|Any CPU
		{A2D25DBA-B0AF-442C-908A-D00C8804AA04}.Release|Any CPU.Build.0 = Release|Any CPU
		{FE3A6F70-6A5E-4EB0-9711-702438DE1DA5}.Debug|Any CPU.ActiveCfg = Debug|Any CPU
		{FE3A6F70-6A5E-4EB0-9711-702438DE1DA5}.Debug|Any CPU.Build.0 = Debug|Any CPU
		{FE3A6F70-6A5E-4EB0-9711-702438DE1DA5}.Release|Any CPU.ActiveCfg = Release|Any CPU
		{FE3A6F70-6A5E-4EB0-9711-702438DE1DA5}.Release|Any CPU.Build.0 = Release|Any CPU
		{9821E474-8EAA-4AE2-BB64-297559D4F03F}.Debug|Any CPU.ActiveCfg = Debug|Any CPU
		{9821E474-8EAA-4AE2-BB64-297559D4F03F}.Debug|Any CPU.Build.0 = Debug|Any CPU
		{9821E474-8EAA-4AE2-BB64-297559D4F03F}.Release|Any CPU.ActiveCfg = Release|Any CPU
		{9821E474-8EAA-4AE2-BB64-297559D4F03F}.Release|Any CPU.Build.0 = Release|Any CPU
		{0E14DE20-3C0D-4404-8BF8-162A2A55D343}.Debug|Any CPU.ActiveCfg = Debug|Any CPU
		{0E14DE20-3C0D-4404-8BF8-162A2A55D343}.Debug|Any CPU.Build.0 = Debug|Any CPU
		{0E14DE20-3C0D-4404-8BF8-162A2A55D343}.Release|Any CPU.ActiveCfg = Release|Any CPU
		{0E14DE20-3C0D-4404-8BF8-162A2A55D343}.Release|Any CPU.Build.0 = Release|Any CPU
		{F2450C09-2896-4794-9284-5A1D5E03393C}.Debug|Any CPU.ActiveCfg = Debug|Any CPU
		{F2450C09-2896-4794-9284-5A1D5E03393C}.Debug|Any CPU.Build.0 = Debug|Any CPU
		{F2450C09-2896-4794-9284-5A1D5E03393C}.Release|Any CPU.ActiveCfg = Release|Any CPU
		{F2450C09-2896-4794-9284-5A1D5E03393C}.Release|Any CPU.Build.0 = Release|Any CPU
		{DA6D32B8-84C9-48FD-8F40-810BD3FAFB8D}.Debug|Any CPU.ActiveCfg = Debug|Any CPU
		{DA6D32B8-84C9-48FD-8F40-810BD3FAFB8D}.Debug|Any CPU.Build.0 = Debug|Any CPU
		{DA6D32B8-84C9-48FD-8F40-810BD3FAFB8D}.Release|Any CPU.ActiveCfg = Release|Any CPU
		{DA6D32B8-84C9-48FD-8F40-810BD3FAFB8D}.Release|Any CPU.Build.0 = Release|Any CPU
		{0ED644F1-3216-4B0E-A1AA-0282D1630EE8}.Debug|Any CPU.ActiveCfg = Debug|Any CPU
		{0ED644F1-3216-4B0E-A1AA-0282D1630EE8}.Debug|Any CPU.Build.0 = Debug|Any CPU
		{0ED644F1-3216-4B0E-A1AA-0282D1630EE8}.Release|Any CPU.ActiveCfg = Release|Any CPU
		{0ED644F1-3216-4B0E-A1AA-0282D1630EE8}.Release|Any CPU.Build.0 = Release|Any CPU
		{5CBCDFA1-B8D3-4CF5-B30F-2C6F69780C08}.Debug|Any CPU.ActiveCfg = Debug|Any CPU
		{5CBCDFA1-B8D3-4CF5-B30F-2C6F69780C08}.Debug|Any CPU.Build.0 = Debug|Any CPU
		{5CBCDFA1-B8D3-4CF5-B30F-2C6F69780C08}.Release|Any CPU.ActiveCfg = Release|Any CPU
		{5CBCDFA1-B8D3-4CF5-B30F-2C6F69780C08}.Release|Any CPU.Build.0 = Release|Any CPU
	EndGlobalSection
	GlobalSection(SolutionProperties) = preSolution
		HideSolutionNode = FALSE
	EndGlobalSection
	GlobalSection(ExtensibilityGlobals) = postSolution
		SolutionGuid = {D765BBCC-8E26-4F65-B670-9DDA03FA29DE}
	EndGlobalSection
EndGlobal
