
Microsoft Visual Studio Solution File, Format Version 12.00
# Visual Studio 15
VisualStudioVersion = 15.0.27428.2027
MinimumVisualStudioVersion = 10.0.40219.1
Project("{FAE04EC0-301F-11D3-BF4B-00C04F79EFBC}") = "CheckRequestedUrls", "CheckRequestedUrls\CheckRequestedUrls.csproj", "{9821E474-8EAA-4AE2-BB64-297559D4F03F}"
EndProject
Global
	GlobalSection(SolutionConfigurationPlatforms) = preSolution
		Debug|Any CPU = Debug|Any CPU
		Release|Any CPU = Release|Any CPU
	EndGlobalSection
	GlobalSection(ProjectConfigurationPlatforms) = postSolution
		{9821E474-8EAA-4AE2-BB64-297559D4F03F}.Debug|Any CPU.ActiveCfg = Debug|Any CPU
		{9821E474-8EAA-4AE2-BB64-297559D4F03F}.Debug|Any CPU.Build.0 = Debug|Any CPU
		{9821E474-8EAA-4AE2-BB64-297559D4F03F}.Release|Any CPU.ActiveCfg = Release|Any CPU
		{9821E474-8EAA-4AE2-BB64-297559D4F03F}.Release|Any CPU.Build.0 = Release|Any CPU
	EndGlobalSection
	GlobalSection(SolutionProperties) = preSolution
		HideSolutionNode = FALSE
	EndGlobalSection
	GlobalSection(ExtensibilityGlobals) = postSolution
		SolutionGuid = {2FDEC143-004A-408E-AC4C-9D7A73D06DC1}
	EndGlobalSection
	GlobalSection(TeamFoundationVersionControl) = preSolution
		SccNumberOfProjects = 2
		SccEnterpriseProvider = {4CA58AB2-18FA-4F8D-95D4-32DDF27D184C}
		SccTeamFoundationServer = https://tfs.sebank.se/tfs/msde
		SccLocalPath0 = .
		SccProjectUniqueName1 = CheckRequestedUrls\\CheckRequestedUrls.csproj
		SccProjectName1 = CheckRequestedUrls
		SccLocalPath1 = CheckRequestedUrls
	EndGlobalSection
EndGlobal
